
Microsoft Visual Studio Solution File, Format Version 12.00
# Visual Studio Version 17
VisualStudioVersion = 17.13.35825.156 d17.13
MinimumVisualStudioVersion = 10.0.40219.1
Project("{FAE04EC0-301F-11D3-BF4B-00C04F79EFBC}") = "Resizer3", "Resizer3.csproj", "{B4D7C696-EBD0-4E82-9BD4-9A7A89EA9B22}"
EndProject
Global
	GlobalSection(SolutionConfigurationPlatforms) = preSolution
		Debug|Any CPU = Debug|Any CPU
		Release|Any CPU = Release|Any CPU
	EndGlobalSection
	GlobalSection(ProjectConfigurationPlatforms) = postSolution
		{B4D7C696-EBD0-4E82-9BD4-9A7A89EA9B22}.Debug|Any CPU.ActiveCfg = Debug|Any CPU
		{B4D7C696-EBD0-4E82-9BD4-9A7A89EA9B22}.Debug|Any CPU.Build.0 = Debug|Any CPU
		{B4D7C696-EBD0-4E82-9BD4-9A7A89EA9B22}.Release|Any CPU.ActiveCfg = Release|Any CPU
		{B4D7C696-EBD0-4E82-9BD4-9A7A89EA9B22}.Release|Any CPU.Build.0 = Release|Any CPU
	EndGlobalSection
	GlobalSection(SolutionProperties) = preSolution
		HideSolutionNode = FALSE
	EndGlobalSection
	GlobalSection(ExtensibilityGlobals) = postSolution
		SolutionGuid = {D9841109-EA60-4A94-8D69-99AFAE3A47B1}
	EndGlobalSection
EndGlobal
